
Microsoft Visual Studio Solution File, Format Version 12.00
# Visual Studio 15
VisualStudioVersion = 15.0.27703.2042
MinimumVisualStudioVersion = 10.0.40219.1
Project("{FAE04EC0-301F-11D3-BF4B-00C04F79EFBC}") = "FirstTryWeb", "FirstTryWeb\FirstTryWeb.csproj", "{B0A1E246-35A8-45C7-8AB2-2E3E97CF02E0}"
EndProject
Project("{E53339B2-1760-4266-BCC7-CA923CBCF16C}") = "docker-compose", "docker-compose.dcproj", "{C972F209-9C56-416E-AB9A-75995FAC387C}"
EndProject
Global
	GlobalSection(SolutionConfigurationPlatforms) = preSolution
		Debug|Any CPU = Debug|Any CPU
		Release|Any CPU = Release|Any CPU
	EndGlobalSection
	GlobalSection(ProjectConfigurationPlatforms) = postSolution
		{B0A1E246-35A8-45C7-8AB2-2E3E97CF02E0}.Debug|Any CPU.ActiveCfg = Debug|Any CPU
		{B0A1E246-35A8-45C7-8AB2-2E3E97CF02E0}.Debug|Any CPU.Build.0 = Debug|Any CPU
		{B0A1E246-35A8-45C7-8AB2-2E3E97CF02E0}.Release|Any CPU.ActiveCfg = Release|Any CPU
		{B0A1E246-35A8-45C7-8AB2-2E3E97CF02E0}.Release|Any CPU.Build.0 = Release|Any CPU
		{C972F209-9C56-416E-AB9A-75995FAC387C}.Debug|Any CPU.ActiveCfg = Debug|Any CPU
		{C972F209-9C56-416E-AB9A-75995FAC387C}.Debug|Any CPU.Build.0 = Debug|Any CPU
		{C972F209-9C56-416E-AB9A-75995FAC387C}.Release|Any CPU.ActiveCfg = Release|Any CPU
		{C972F209-9C56-416E-AB9A-75995FAC387C}.Release|Any CPU.Build.0 = Release|Any CPU
	EndGlobalSection
	GlobalSection(SolutionProperties) = preSolution
		HideSolutionNode = FALSE
	EndGlobalSection
	GlobalSection(ExtensibilityGlobals) = postSolution
		SolutionGuid = {207BA36E-A065-4E0B-A15A-177107FE628B}
	EndGlobalSection
EndGlobal
